
Microsoft Visual Studio Solution File, Format Version 12.00
# Visual Studio Version 17
VisualStudioVersion = 17.12.35521.163
MinimumVisualStudioVersion = 10.0.40219.1
Project("{FAE04EC0-301F-11D3-BF4B-00C04F79EFBC}") = "TM.Web", "TM.Web\TM.Web.csproj", "{25CB0DCE-AE11-4688-ABB5-13ABAB2EDAA4}"
EndProject
Project("{FAE04EC0-301F-11D3-BF4B-00C04F79EFBC}") = "TM.Api", "TM.Api\TM.Api.csproj", "{232A1833-0E9F-4968-BB4D-F16DB41E8991}"
EndProject
Project("{FAE04EC0-301F-11D3-BF4B-00C04F79EFBC}") = "TM.Shared", "TM.Shared\TM.Shared.csproj", "{18E264DD-AB76-4153-9F74-22DCADE15017}"
EndProject
Global
	GlobalSection(SolutionConfigurationPlatforms) = preSolution
		Debug|Any CPU = Debug|Any CPU
		Release|Any CPU = Release|Any CPU
	EndGlobalSection
	GlobalSection(ProjectConfigurationPlatforms) = postSolution
		{25CB0DCE-AE11-4688-ABB5-13ABAB2EDAA4}.Debug|Any CPU.ActiveCfg = Debug|Any CPU
		{25CB0DCE-AE11-4688-ABB5-13ABAB2EDAA4}.Debug|Any CPU.Build.0 = Debug|Any CPU
		{25CB0DCE-AE11-4688-ABB5-13ABAB2EDAA4}.Release|Any CPU.ActiveCfg = Release|Any CPU
		{25CB0DCE-AE11-4688-ABB5-13ABAB2EDAA4}.Release|Any CPU.Build.0 = Release|Any CPU
		{232A1833-0E9F-4968-BB4D-F16DB41E8991}.Debug|Any CPU.ActiveCfg = Debug|Any CPU
		{232A1833-0E9F-4968-BB4D-F16DB41E8991}.Debug|Any CPU.Build.0 = Debug|Any CPU
		{232A1833-0E9F-4968-BB4D-F16DB41E8991}.Release|Any CPU.ActiveCfg = Release|Any CPU
		{232A1833-0E9F-4968-BB4D-F16DB41E8991}.Release|Any CPU.Build.0 = Release|Any CPU
		{18E264DD-AB76-4153-9F74-22DCADE15017}.Debug|Any CPU.ActiveCfg = Debug|Any CPU
		{18E264DD-AB76-4153-9F74-22DCADE15017}.Debug|Any CPU.Build.0 = Debug|Any CPU
		{18E264DD-AB76-4153-9F74-22DCADE15017}.Release|Any CPU.ActiveCfg = Release|Any CPU
		{18E264DD-AB76-4153-9F74-22DCADE15017}.Release|Any CPU.Build.0 = Release|Any CPU
	EndGlobalSection
	GlobalSection(SolutionProperties) = preSolution
		HideSolutionNode = FALSE
	EndGlobalSection
EndGlobal
